
Microsoft Visual Studio Solution File, Format Version 12.00
# Visual Studio Version 16
VisualStudioVersion = 16.0.29709.97
MinimumVisualStudioVersion = 10.0.40219.1
Project("{9A19103F-16F7-4668-BE54-9A1E7A4F7556}") = "P06.Architect", "P06.Architect\P06.Architect.csproj", "{7373C9C1-71D3-4D7A-863D-11C57EDB063D}"
EndProject
Project("{9A19103F-16F7-4668-BE54-9A1E7A4F7556}") = "P01.CLRdemo", "P01.CLRdemo\P01.CLRdemo.csproj", "{3BB95E93-A74A-471C-BFDE-6AA7F80FF502}"
EndProject
Project("{9A19103F-16F7-4668-BE54-9A1E7A4F7556}") = "P02.ORMExplore", "P02.ORMExplore\P02.ORMExplore.csproj", "{E613B9AD-D7D6-4810-8206-482FD942F753}"
EndProject
Project("{9A19103F-16F7-4668-BE54-9A1E7A4F7556}") = "P02.ORMExplore.DAL", "P02.ORMExplore.DAL\P02.ORMExplore.DAL.csproj", "{B8926A72-32CA-4279-B75F-19F23725C7DD}"
EndProject
Project("{9A19103F-16F7-4668-BE54-9A1E7A4F7556}") = "P02.ORMExplore.Model", "P02.ORMExplore.Model\P02.ORMExplore.Model.csproj", "{05FE83C5-9B91-4646-89C2-CB188766F4C2}"
EndProject
Project("{9A19103F-16F7-4668-BE54-9A1E7A4F7556}") = "P02.ORMExplore.Framework", "P02.ORMExplore.Framework\P02.ORMExplore.Framework.csproj", "{BDFB66E9-C778-4FCD-8388-342B57225C83}"
EndProject
Project("{9A19103F-16F7-4668-BE54-9A1E7A4F7556}") = "P02.ORMExplore.IDAL", "P02.ORMExplore.IDAL\P02.ORMExplore.IDAL.csproj", "{25CAFEDC-75CC-4D5D-8AA6-AFE6E5F366E0}"
EndProject
Project("{9A19103F-16F7-4668-BE54-9A1E7A4F7556}") = "P03.DotNetCoreMVC", "P03.DotNetCoreMVC\P03.DotNetCoreMVC.csproj", "{48B2E7B4-0DD8-458F-81EF-6117B81D062E}"
EndProject
Project("{9A19103F-16F7-4668-BE54-9A1E7A4F7556}") = "P06.CustomHangFire", "P06.CustomHangFire\P06.CustomHangFire.csproj", "{6FE4EC9D-4E8A-4F8A-924A-21B8E2752DF2}"
EndProject
Project("{9A19103F-16F7-4668-BE54-9A1E7A4F7556}") = "P03.DotNetCoreMVC.Utility", "P03.DotNetCoreMVC.Utility\P03.DotNetCoreMVC.Utility.csproj", "{CB821B88-9E1F-4C74-8580-65B4D4265A75}"
EndProject
Project("{9A19103F-16F7-4668-BE54-9A1E7A4F7556}") = "P03.DotNetCoreMVC.Interface", "P03.DotNetCoreMVC.Interface\P03.DotNetCoreMVC.Interface.csproj", "{608473D4-CE06-4471-B987-3505A7A00AAD}"
EndProject
Project("{9A19103F-16F7-4668-BE54-9A1E7A4F7556}") = "P03.DotNetCoreMVC.Services", "P03.DotNetCoreMVC.Services\P03.DotNetCoreMVC.Services.csproj", "{6E7B53A9-C2C8-4102-8C90-93CCEF8D2EAA}"
EndProject
Project("{9A19103F-16F7-4668-BE54-9A1E7A4F7556}") = "P03.DotNetCoreMVC.EntityFrameworkModels", "P03.DotNetCoreMVC.EntityFrameworkModels\P03.DotNetCoreMVC.EntityFrameworkModels.csproj", "{E768C230-0A59-462D-96D6-AE3DAD8F2622}"
EndProject
Project("{9A19103F-16F7-4668-BE54-9A1E7A4F7556}") = "P03.DotNetCoreMVC.WebApi", "P03.DotNetCoreMVC.WebApi\P03.DotNetCoreMVC.WebApi.csproj", "{61865B1A-F5E9-4208-90DA-B96DBCAF3B68}"
EndProject
Project("{9A19103F-16F7-4668-BE54-9A1E7A4F7556}") = "P03.DotNetCoreMVC.MicroServiceGateway", "P03.DotNetCoreMVC.MicroServiceGateway\P03.DotNetCoreMVC.MicroServiceGateway.csproj", "{B5D4AA2E-2146-4BCE-86CB-BDAC3C42CA6A}"
EndProject
Project("{9A19103F-16F7-4668-BE54-9A1E7A4F7556}") = "P06.Architect.WebDemo", "P06.Architect.WebDemo\P06.Architect.WebDemo.csproj", "{948FDAE5-EC54-42B9-98D1-3E3E0BD284C1}"
EndProject
Project("{FAE04EC0-301F-11D3-BF4B-00C04F79EFBC}") = "P03.DotNetCoreMVC.AuthenticationCenter", "P03.DotNetCoreMVC.AuthenticationCenter\P03.DotNetCoreMVC.AuthenticationCenter.csproj", "{B700BC7F-536D-4BEF-AAB3-B13961EE9053}"
EndProject
Project("{FAE04EC0-301F-11D3-BF4B-00C04F79EFBC}") = "P06.CefSharpDemo", "P06.CefSharpDemo\P06.CefSharpDemo.csproj", "{43BBB0CE-63C7-4BBF-94B8-D7DD84CD8190}"
EndProject
Global
	GlobalSection(SolutionConfigurationPlatforms) = preSolution
		Debug|Any CPU = Debug|Any CPU
		Release|Any CPU = Release|Any CPU
	EndGlobalSection
	GlobalSection(ProjectConfigurationPlatforms) = postSolution
		{7373C9C1-71D3-4D7A-863D-11C57EDB063D}.Debug|Any CPU.ActiveCfg = Debug|Any CPU
		{7373C9C1-71D3-4D7A-863D-11C57EDB063D}.Debug|Any CPU.Build.0 = Debug|Any CPU
		{7373C9C1-71D3-4D7A-863D-11C57EDB063D}.Release|Any CPU.ActiveCfg = Release|Any CPU
		{7373C9C1-71D3-4D7A-863D-11C57EDB063D}.Release|Any CPU.Build.0 = Release|Any CPU
		{3BB95E93-A74A-471C-BFDE-6AA7F80FF502}.Debug|Any CPU.ActiveCfg = Debug|Any CPU
		{3BB95E93-A74A-471C-BFDE-6AA7F80FF502}.Debug|Any CPU.Build.0 = Debug|Any CPU
		{3BB95E93-A74A-471C-BFDE-6AA7F80FF502}.Release|Any CPU.ActiveCfg = Release|Any CPU
		{3BB95E93-A74A-471C-BFDE-6AA7F80FF502}.Release|Any CPU.Build.0 = Release|Any CPU
		{E613B9AD-D7D6-4810-8206-482FD942F753}.Debug|Any CPU.ActiveCfg = Debug|Any CPU
		{E613B9AD-D7D6-4810-8206-482FD942F753}.Debug|Any CPU.Build.0 = Debug|Any CPU
		{E613B9AD-D7D6-4810-8206-482FD942F753}.Release|Any CPU.ActiveCfg = Release|Any CPU
		{E613B9AD-D7D6-4810-8206-482FD942F753}.Release|Any CPU.Build.0 = Release|Any CPU
		{B8926A72-32CA-4279-B75F-19F23725C7DD}.Debug|Any CPU.ActiveCfg = Debug|Any CPU
		{B8926A72-32CA-4279-B75F-19F23725C7DD}.Debug|Any CPU.Build.0 = Debug|Any CPU
		{B8926A72-32CA-4279-B75F-19F23725C7DD}.Release|Any CPU.ActiveCfg = Release|Any CPU
		{B8926A72-32CA-4279-B75F-19F23725C7DD}.Release|Any CPU.Build.0 = Release|Any CPU
		{05FE83C5-9B91-4646-89C2-CB188766F4C2}.Debug|Any CPU.ActiveCfg = Debug|Any CPU
		{05FE83C5-9B91-4646-89C2-CB188766F4C2}.Debug|Any CPU.Build.0 = Debug|Any CPU
		{05FE83C5-9B91-4646-89C2-CB188766F4C2}.Release|Any CPU.ActiveCfg = Release|Any CPU
		{05FE83C5-9B91-4646-89C2-CB188766F4C2}.Release|Any CPU.Build.0 = Release|Any CPU
		{BDFB66E9-C778-4FCD-8388-342B57225C83}.Debug|Any CPU.ActiveCfg = Debug|Any CPU
		{BDFB66E9-C778-4FCD-8388-342B57225C83}.Debug|Any CPU.Build.0 = Debug|Any CPU
		{BDFB66E9-C778-4FCD-8388-342B57225C83}.Release|Any CPU.ActiveCfg = Release|Any CPU
		{BDFB66E9-C778-4FCD-8388-342B57225C83}.Release|Any CPU.Build.0 = Release|Any CPU
		{25CAFEDC-75CC-4D5D-8AA6-AFE6E5F366E0}.Debug|Any CPU.ActiveCfg = Debug|Any CPU
		{25CAFEDC-75CC-4D5D-8AA6-AFE6E5F366E0}.Debug|Any CPU.Build.0 = Debug|Any CPU
		{25CAFEDC-75CC-4D5D-8AA6-AFE6E5F366E0}.Release|Any CPU.ActiveCfg = Release|Any CPU
		{25CAFEDC-75CC-4D5D-8AA6-AFE6E5F366E0}.Release|Any CPU.Build.0 = Release|Any CPU
		{48B2E7B4-0DD8-458F-81EF-6117B81D062E}.Debug|Any CPU.ActiveCfg = Debug|Any CPU
		{48B2E7B4-0DD8-458F-81EF-6117B81D062E}.Debug|Any CPU.Build.0 = Debug|Any CPU
		{48B2E7B4-0DD8-458F-81EF-6117B81D062E}.Release|Any CPU.ActiveCfg = Release|Any CPU
		{48B2E7B4-0DD8-458F-81EF-6117B81D062E}.Release|Any CPU.Build.0 = Release|Any CPU
		{6FE4EC9D-4E8A-4F8A-924A-21B8E2752DF2}.Debug|Any CPU.ActiveCfg = Debug|Any CPU
		{6FE4EC9D-4E8A-4F8A-924A-21B8E2752DF2}.Debug|Any CPU.Build.0 = Debug|Any CPU
		{6FE4EC9D-4E8A-4F8A-924A-21B8E2752DF2}.Release|Any CPU.ActiveCfg = Release|Any CPU
		{6FE4EC9D-4E8A-4F8A-924A-21B8E2752DF2}.Release|Any CPU.Build.0 = Release|Any CPU
		{CB821B88-9E1F-4C74-8580-65B4D4265A75}.Debug|Any CPU.ActiveCfg = Debug|Any CPU
		{CB821B88-9E1F-4C74-8580-65B4D4265A75}.Debug|Any CPU.Build.0 = Debug|Any CPU
		{CB821B88-9E1F-4C74-8580-65B4D4265A75}.Release|Any CPU.ActiveCfg = Release|Any CPU
		{CB821B88-9E1F-4C74-8580-65B4D4265A75}.Release|Any CPU.Build.0 = Release|Any CPU
		{608473D4-CE06-4471-B987-3505A7A00AAD}.Debug|Any CPU.ActiveCfg = Debug|Any CPU
		{608473D4-CE06-4471-B987-3505A7A00AAD}.Debug|Any CPU.Build.0 = Debug|Any CPU
		{608473D4-CE06-4471-B987-3505A7A00AAD}.Release|Any CPU.ActiveCfg = Release|Any CPU
		{608473D4-CE06-4471-B987-3505A7A00AAD}.Release|Any CPU.Build.0 = Release|Any CPU
		{6E7B53A9-C2C8-4102-8C90-93CCEF8D2EAA}.Debug|Any CPU.ActiveCfg = Debug|Any CPU
		{6E7B53A9-C2C8-4102-8C90-93CCEF8D2EAA}.Debug|Any CPU.Build.0 = Debug|Any CPU
		{6E7B53A9-C2C8-4102-8C90-93CCEF8D2EAA}.Release|Any CPU.ActiveCfg = Release|Any CPU
		{6E7B53A9-C2C8-4102-8C90-93CCEF8D2EAA}.Release|Any CPU.Build.0 = Release|Any CPU
		{E768C230-0A59-462D-96D6-AE3DAD8F2622}.Debug|Any CPU.ActiveCfg = Debug|Any CPU
		{E768C230-0A59-462D-96D6-AE3DAD8F2622}.Debug|Any CPU.Build.0 = Debug|Any CPU
		{E768C230-0A59-462D-96D6-AE3DAD8F2622}.Release|Any CPU.ActiveCfg = Release|Any CPU
		{E768C230-0A59-462D-96D6-AE3DAD8F2622}.Release|Any CPU.Build.0 = Release|Any CPU
		{61865B1A-F5E9-4208-90DA-B96DBCAF3B68}.Debug|Any CPU.ActiveCfg = Debug|Any CPU
		{61865B1A-F5E9-4208-90DA-B96DBCAF3B68}.Debug|Any CPU.Build.0 = Debug|Any CPU
		{61865B1A-F5E9-4208-90DA-B96DBCAF3B68}.Release|Any CPU.ActiveCfg = Release|Any CPU
		{61865B1A-F5E9-4208-90DA-B96DBCAF3B68}.Release|Any CPU.Build.0 = Release|Any CPU
		{B5D4AA2E-2146-4BCE-86CB-BDAC3C42CA6A}.Debug|Any CPU.ActiveCfg = Debug|Any CPU
		{B5D4AA2E-2146-4BCE-86CB-BDAC3C42CA6A}.Debug|Any CPU.Build.0 = Debug|Any CPU
		{B5D4AA2E-2146-4BCE-86CB-BDAC3C42CA6A}.Release|Any CPU.ActiveCfg = Release|Any CPU
		{B5D4AA2E-2146-4BCE-86CB-BDAC3C42CA6A}.Release|Any CPU.Build.0 = Release|Any CPU
		{948FDAE5-EC54-42B9-98D1-3E3E0BD284C1}.Debug|Any CPU.ActiveCfg = Debug|Any CPU
		{948FDAE5-EC54-42B9-98D1-3E3E0BD284C1}.Debug|Any CPU.Build.0 = Debug|Any CPU
		{948FDAE5-EC54-42B9-98D1-3E3E0BD284C1}.Release|Any CPU.ActiveCfg = Release|Any CPU
		{948FDAE5-EC54-42B9-98D1-3E3E0BD284C1}.Release|Any CPU.Build.0 = Release|Any CPU
		{B700BC7F-536D-4BEF-AAB3-B13961EE9053}.Debug|Any CPU.ActiveCfg = Debug|Any CPU
		{B700BC7F-536D-4BEF-AAB3-B13961EE9053}.Debug|Any CPU.Build.0 = Debug|Any CPU
		{B700BC7F-536D-4BEF-AAB3-B13961EE9053}.Release|Any CPU.ActiveCfg = Release|Any CPU
		{B700BC7F-536D-4BEF-AAB3-B13961EE9053}.Release|Any CPU.Build.0 = Release|Any CPU
		{43BBB0CE-63C7-4BBF-94B8-D7DD84CD8190}.Debug|Any CPU.ActiveCfg = Debug|Any CPU
		{43BBB0CE-63C7-4BBF-94B8-D7DD84CD8190}.Debug|Any CPU.Build.0 = Debug|Any CPU
		{43BBB0CE-63C7-4BBF-94B8-D7DD84CD8190}.Release|Any CPU.ActiveCfg = Release|Any CPU
		{43BBB0CE-63C7-4BBF-94B8-D7DD84CD8190}.Release|Any CPU.Build.0 = Release|Any CPU
	EndGlobalSection
	GlobalSection(SolutionProperties) = preSolution
		HideSolutionNode = FALSE
	EndGlobalSection
	GlobalSection(ExtensibilityGlobals) = postSolution
		SolutionGuid = {3FEC4205-69E3-40FA-AB25-2FF6D69A15C2}
	EndGlobalSection
EndGlobal
