
Microsoft Visual Studio Solution File, Format Version 12.00
# Visual Studio Version 17
VisualStudioVersion = 17.0.31903.59
MinimumVisualStudioVersion = 10.0.40219.1
Project("{9A19103F-16F7-4668-BE54-9A1E7A4F7556}") = "P06.Architect", "P06.Architect\P06.Architect.csproj", "{7373C9C1-71D3-4D7A-863D-11C57EDB063D}"
EndProject
Project("{9A19103F-16F7-4668-BE54-9A1E7A4F7556}") = "P01.CLRdemo", "P01.CLRdemo\P01.CLRdemo.csproj", "{3BB95E93-A74A-471C-BFDE-6AA7F80FF502}"
EndProject
Project("{9A19103F-16F7-4668-BE54-9A1E7A4F7556}") = "P02.ORMExplore", "P02.ORMExplore\P02.ORMExplore.csproj", "{E613B9AD-D7D6-4810-8206-482FD942F753}"
EndProject
Project("{9A19103F-16F7-4668-BE54-9A1E7A4F7556}") = "P02.ORMExplore.DAL", "P02.ORMExplore.DAL\P02.ORMExplore.DAL.csproj", "{B8926A72-32CA-4279-B75F-19F23725C7DD}"
EndProject
Project("{9A19103F-16F7-4668-BE54-9A1E7A4F7556}") = "P02.ORMExplore.Model", "P02.ORMExplore.Model\P02.ORMExplore.Model.csproj", "{05FE83C5-9B91-4646-89C2-CB188766F4C2}"
EndProject
Project("{9A19103F-16F7-4668-BE54-9A1E7A4F7556}") = "P02.ORMExplore.Framework", "P02.ORMExplore.Framework\P02.ORMExplore.Framework.csproj", "{BDFB66E9-C778-4FCD-8388-342B57225C83}"
EndProject
Project("{9A19103F-16F7-4668-BE54-9A1E7A4F7556}") = "P02.ORMExplore.IDAL", "P02.ORMExplore.IDAL\P02.ORMExplore.IDAL.csproj", "{25CAFEDC-75CC-4D5D-8AA6-AFE6E5F366E0}"
EndProject
Project("{9A19103F-16F7-4668-BE54-9A1E7A4F7556}") = "P03.DotNetCoreMVC", "P03.DotNetCoreMVC\P03.DotNetCoreMVC.csproj", "{48B2E7B4-0DD8-458F-81EF-6117B81D062E}"
EndProject
Project("{9A19103F-16F7-4668-BE54-9A1E7A4F7556}") = "P06.CustomHangFire", "P06.CustomHangFire\P06.CustomHangFire.csproj", "{6FE4EC9D-4E8A-4F8A-924A-21B8E2752DF2}"
EndProject
Project("{9A19103F-16F7-4668-BE54-9A1E7A4F7556}") = "P03.DotNetCoreMVC.Utility", "P03.DotNetCoreMVC.Utility\P03.DotNetCoreMVC.Utility.csproj", "{CB821B88-9E1F-4C74-8580-65B4D4265A75}"
EndProject
Project("{9A19103F-16F7-4668-BE54-9A1E7A4F7556}") = "P03.DotNetCoreMVC.Interface", "P03.DotNetCoreMVC.Interface\P03.DotNetCoreMVC.Interface.csproj", "{608473D4-CE06-4471-B987-3505A7A00AAD}"
EndProject
Project("{9A19103F-16F7-4668-BE54-9A1E7A4F7556}") = "P03.DotNetCoreMVC.Services", "P03.DotNetCoreMVC.Services\P03.DotNetCoreMVC.Services.csproj", "{6E7B53A9-C2C8-4102-8C90-93CCEF8D2EAA}"
EndProject
Project("{9A19103F-16F7-4668-BE54-9A1E7A4F7556}") = "P03.DotNetCoreMVC.EntityFrameworkModels", "P03.DotNetCoreMVC.EntityFrameworkModels\P03.DotNetCoreMVC.EntityFrameworkModels.csproj", "{E768C230-0A59-462D-96D6-AE3DAD8F2622}"
EndProject
Project("{9A19103F-16F7-4668-BE54-9A1E7A4F7556}") = "P03.DotNetCoreMVC.WebApi", "P03.DotNetCoreMVC.WebApi\P03.DotNetCoreMVC.WebApi.csproj", "{61865B1A-F5E9-4208-90DA-B96DBCAF3B68}"
EndProject
Project("{9A19103F-16F7-4668-BE54-9A1E7A4F7556}") = "P03.DotNetCoreMVC.MicroServiceGateway", "P03.DotNetCoreMVC.MicroServiceGateway\P03.DotNetCoreMVC.MicroServiceGateway.csproj", "{B5D4AA2E-2146-4BCE-86CB-BDAC3C42CA6A}"
EndProject
Project("{9A19103F-16F7-4668-BE54-9A1E7A4F7556}") = "P06.Architect.WebDemo", "P06.Architect.WebDemo\P06.Architect.WebDemo.csproj", "{948FDAE5-EC54-42B9-98D1-3E3E0BD284C1}"
EndProject
Project("{9A19103F-16F7-4668-BE54-9A1E7A4F7556}") = "P03.DotNetCoreMVC.AuthenticationCenter", "P03.DotNetCoreMVC.AuthenticationCenter\P03.DotNetCoreMVC.AuthenticationCenter.csproj", "{B700BC7F-536D-4BEF-AAB3-B13961EE9053}"
EndProject
Project("{FAE04EC0-301F-11D3-BF4B-00C04F79EFBC}") = "P06.CefSharpDemo", "P06.CefSharpDemo\P06.CefSharpDemo.csproj", "{43BBB0CE-63C7-4BBF-94B8-D7DD84CD8190}"
EndProject
Project("{9A19103F-16F7-4668-BE54-9A1E7A4F7556}") = "P04.DataStructureAlgorithm", "P04.DataStructureAlgorithm\P04.DataStructureAlgorithm.csproj", "{F58F2AF1-83F5-4C49-9581-78B21E3860B7}"
EndProject
Project("{9A19103F-16F7-4668-BE54-9A1E7A4F7556}") = "P05.IOCDI.BLL", "P05.IOCDI.BLL\P05.IOCDI.BLL.csproj", "{8B8FBB86-25E0-47AB-AF7F-2B83A6DFB512}"
EndProject
Project("{2150E333-8FDC-42A3-9474-1A3956D46DE8}") = "P05.02.BLL", "P05.02.BLL", "{5477F725-28BB-4720-9A6D-8A0558E66375}"
EndProject
Project("{9A19103F-16F7-4668-BE54-9A1E7A4F7556}") = "P05.IOCDI.IBLL", "P05.IOCDI.IBLL\P05.IOCDI.IBLL.csproj", "{A1B4CF9D-9987-4791-8D35-08B645DA4BFE}"
EndProject
Project("{2150E333-8FDC-42A3-9474-1A3956D46DE8}") = "P05.00.Common", "P05.00.Common", "{D2CCDE05-E030-4BB8-A80A-925C4C4EF3D6}"
EndProject
Project("{9A19103F-16F7-4668-BE54-9A1E7A4F7556}") = "P05.IOCDI.Model", "P05.IOCDI.Model\P05.IOCDI.Model.csproj", "{2C890A51-0AD3-4BC8-8835-9D403500B742}"
EndProject
Project("{2150E333-8FDC-42A3-9474-1A3956D46DE8}") = "P05.01.DAL", "P05.01.DAL", "{A584EE40-B6BD-4813-B0B2-F6242CE091B0}"
EndProject
Project("{9A19103F-16F7-4668-BE54-9A1E7A4F7556}") = "P05.IOCDI.IDAL", "P05.IOCDI.IDAL\P05.IOCDI.IDAL.csproj", "{DD50A3B9-E805-484A-A53A-D84D8ADBD8F7}"
EndProject
Project("{9A19103F-16F7-4668-BE54-9A1E7A4F7556}") = "P05.IOCDI.DAL", "P05.IOCDI.DAL\P05.IOCDI.DAL.csproj", "{ABDD78F7-5F98-44FC-B8CE-4A30956D4518}"
EndProject
Project("{9A19103F-16F7-4668-BE54-9A1E7A4F7556}") = "P05.IOCDI.BLLv2", "P05.IOCDI.BLLv2\P05.IOCDI.BLLv2.csproj", "{38C17A12-BEB7-4F4C-984F-3FCFE55D437F}"
EndProject
Project("{2150E333-8FDC-42A3-9474-1A3956D46DE8}") = "P05.03.Client", "P05.03.Client", "{056D4D71-FB63-4945-915F-85DF275A4155}"
EndProject
Project("{9A19103F-16F7-4668-BE54-9A1E7A4F7556}") = "P05.IOCDI.ConsoleProject", "P05.IOCDI.ConsoleProject\P05.IOCDI.ConsoleProject.csproj", "{871B4252-7584-4A02-9F95-2506A5B8A2E7}"
EndProject
Project("{9A19103F-16F7-4668-BE54-9A1E7A4F7556}") = "P05.IOCDI.Framework", "P05.IOCDI.Framework\P05.IOCDI.Framework.csproj", "{D1B5DBEC-33AA-435E-A937-77745EB12F6E}"
EndProject
Project("{9A19103F-16F7-4668-BE54-9A1E7A4F7556}") = "P05.IOCDI.Service", "P05.IOCDI.Service\P05.IOCDI.Service.csproj", "{AEB281FD-1789-494E-96D7-017FDA511856}"
EndProject
Project("{9A19103F-16F7-4668-BE54-9A1E7A4F7556}") = "P05.IOCDI.ServiceInterface", "P05.IOCDI.ServiceInterface\P05.IOCDI.ServiceInterface.csproj", "{80BFD266-2EF5-430D-81B7-0482658AF8B5}"
EndProject
Project("{9A19103F-16F7-4668-BE54-9A1E7A4F7556}") = "P05.IOCDI.WebProjTest", "P05.IOCDI.WebProjTest\P05.IOCDI.WebProjTest.csproj", "{FB1F16E3-A730-4E46-96FA-EDA84D6CFD7D}"
EndProject
Project("{9A19103F-16F7-4668-BE54-9A1E7A4F7556}") = "P03.DotNetCoreMVC.WebApi2", "P03.DotNetCoreMVC.WebApi2\P03.DotNetCoreMVC.WebApi2.csproj", "{7C47AE6F-FE1C-42DB-A22A-DFB26AE0AF5F}"
EndProject
Project("{9A19103F-16F7-4668-BE54-9A1E7A4F7556}") = "P03.DotNetCoreMVC.WebNUnitTestProject", "P03.DotNetCoreMVC.WebNUnitTestProject\P03.DotNetCoreMVC.WebNUnitTestProject.csproj", "{9205FD64-A044-48DA-804F-FC0CC858A2A9}"
EndProject
Project("{9A19103F-16F7-4668-BE54-9A1E7A4F7556}") = "P03.DotNetCoreMVC.EntityFrameworkModelsDBFirst", "P03.DotNetCoreMVC.EntityFrameworkModelsDBFirst\P03.DotNetCoreMVC.EntityFrameworkModelsDBFirst.csproj", "{C1CA0CAF-0EE5-479A-A851-ACC91A3E7806}"
EndProject
Project("{9A19103F-16F7-4668-BE54-9A1E7A4F7556}") = "P04.DataStructureAlgorithm.SystemImplementation", "P04.DataStructureAlgorithm.SystemImplementation\P04.DataStructureAlgorithm.SystemImplementation.csproj", "{024B5AE0-8B25-4334-88AB-1552CF99F712}"
EndProject
Project("{9A19103F-16F7-4668-BE54-9A1E7A4F7556}") = "P03.DotNetCoreMVC.EntityFrameworkModels.TestProject", "P03.DotNetCoreMVC.EntityFrameworkModels.TestProject\P03.DotNetCoreMVC.EntityFrameworkModels.TestProject.csproj", "{CA8396AA-5ACE-42E3-993E-B3119510B76C}"
EndProject
Project("{9A19103F-16F7-4668-BE54-9A1E7A4F7556}") = "P03.DotNetCoreMVC.EntityFrameworkModelsDBFirst2", "P03.DotNetCoreMVC.EntityFrameworkModelsDBFirst2\P03.DotNetCoreMVC.EntityFrameworkModelsDBFirst2.csproj", "{6466F92B-8E68-42E6-8174-2B3B503DD82C}"
EndProject
Project("{9A19103F-16F7-4668-BE54-9A1E7A4F7556}") = "P03.DotNetCoreMVC.AuthenticationDemo", "P03.DotNetCoreMVC.AuthenticationDemo\P03.DotNetCoreMVC.AuthenticationDemo.csproj", "{2E8104EC-D919-442D-AFB4-BBF8A0A77CC4}"
EndProject
Project("{9A19103F-16F7-4668-BE54-9A1E7A4F7556}") = "P03.DotNetCoreMVC.AuthenticationDemo.JWT", "P03.DotNetCoreMVC.AuthenticationDemo.JWT\P03.DotNetCoreMVC.AuthenticationDemo.JWT.csproj", "{FC531F9B-F867-4E8D-9F34-0741BF208562}"
EndProject
Project("{FAE04EC0-301F-11D3-BF4B-00C04F79EFBC}") = "P03.DotNetCoreMVC.AuthenticationDemo.JWT_RS", "P03.DotNetCoreMVC.AuthenticationDemo.JWT_RS\P03.DotNetCoreMVC.AuthenticationDemo.JWT_RS.csproj", "{5258C9BD-70CB-4469-9B5D-6D20894B371B}"
EndProject
Global
	GlobalSection(SolutionConfigurationPlatforms) = preSolution
		Debug|Any CPU = Debug|Any CPU
		Release|Any CPU = Release|Any CPU
	EndGlobalSection
	GlobalSection(ProjectConfigurationPlatforms) = postSolution
		{7373C9C1-71D3-4D7A-863D-11C57EDB063D}.Debug|Any CPU.ActiveCfg = Debug|Any CPU
		{7373C9C1-71D3-4D7A-863D-11C57EDB063D}.Debug|Any CPU.Build.0 = Debug|Any CPU
		{7373C9C1-71D3-4D7A-863D-11C57EDB063D}.Release|Any CPU.ActiveCfg = Release|Any CPU
		{7373C9C1-71D3-4D7A-863D-11C57EDB063D}.Release|Any CPU.Build.0 = Release|Any CPU
		{3BB95E93-A74A-471C-BFDE-6AA7F80FF502}.Debug|Any CPU.ActiveCfg = Debug|Any CPU
		{3BB95E93-A74A-471C-BFDE-6AA7F80FF502}.Debug|Any CPU.Build.0 = Debug|Any CPU
		{3BB95E93-A74A-471C-BFDE-6AA7F80FF502}.Release|Any CPU.ActiveCfg = Release|Any CPU
		{3BB95E93-A74A-471C-BFDE-6AA7F80FF502}.Release|Any CPU.Build.0 = Release|Any CPU
		{E613B9AD-D7D6-4810-8206-482FD942F753}.Debug|Any CPU.ActiveCfg = Debug|Any CPU
		{E613B9AD-D7D6-4810-8206-482FD942F753}.Debug|Any CPU.Build.0 = Debug|Any CPU
		{E613B9AD-D7D6-4810-8206-482FD942F753}.Release|Any CPU.ActiveCfg = Release|Any CPU
		{E613B9AD-D7D6-4810-8206-482FD942F753}.Release|Any CPU.Build.0 = Release|Any CPU
		{B8926A72-32CA-4279-B75F-19F23725C7DD}.Debug|Any CPU.ActiveCfg = Debug|Any CPU
		{B8926A72-32CA-4279-B75F-19F23725C7DD}.Debug|Any CPU.Build.0 = Debug|Any CPU
		{B8926A72-32CA-4279-B75F-19F23725C7DD}.Release|Any CPU.ActiveCfg = Release|Any CPU
		{B8926A72-32CA-4279-B75F-19F23725C7DD}.Release|Any CPU.Build.0 = Release|Any CPU
		{05FE83C5-9B91-4646-89C2-CB188766F4C2}.Debug|Any CPU.ActiveCfg = Debug|Any CPU
		{05FE83C5-9B91-4646-89C2-CB188766F4C2}.Debug|Any CPU.Build.0 = Debug|Any CPU
		{05FE83C5-9B91-4646-89C2-CB188766F4C2}.Release|Any CPU.ActiveCfg = Release|Any CPU
		{05FE83C5-9B91-4646-89C2-CB188766F4C2}.Release|Any CPU.Build.0 = Release|Any CPU
		{BDFB66E9-C778-4FCD-8388-342B57225C83}.Debug|Any CPU.ActiveCfg = Debug|Any CPU
		{BDFB66E9-C778-4FCD-8388-342B57225C83}.Debug|Any CPU.Build.0 = Debug|Any CPU
		{BDFB66E9-C778-4FCD-8388-342B57225C83}.Release|Any CPU.ActiveCfg = Release|Any CPU
		{BDFB66E9-C778-4FCD-8388-342B57225C83}.Release|Any CPU.Build.0 = Release|Any CPU
		{25CAFEDC-75CC-4D5D-8AA6-AFE6E5F366E0}.Debug|Any CPU.ActiveCfg = Debug|Any CPU
		{25CAFEDC-75CC-4D5D-8AA6-AFE6E5F366E0}.Debug|Any CPU.Build.0 = Debug|Any CPU
		{25CAFEDC-75CC-4D5D-8AA6-AFE6E5F366E0}.Release|Any CPU.ActiveCfg = Release|Any CPU
		{25CAFEDC-75CC-4D5D-8AA6-AFE6E5F366E0}.Release|Any CPU.Build.0 = Release|Any CPU
		{48B2E7B4-0DD8-458F-81EF-6117B81D062E}.Debug|Any CPU.ActiveCfg = Debug|Any CPU
		{48B2E7B4-0DD8-458F-81EF-6117B81D062E}.Debug|Any CPU.Build.0 = Debug|Any CPU
		{48B2E7B4-0DD8-458F-81EF-6117B81D062E}.Release|Any CPU.ActiveCfg = Release|Any CPU
		{48B2E7B4-0DD8-458F-81EF-6117B81D062E}.Release|Any CPU.Build.0 = Release|Any CPU
		{6FE4EC9D-4E8A-4F8A-924A-21B8E2752DF2}.Debug|Any CPU.ActiveCfg = Debug|Any CPU
		{6FE4EC9D-4E8A-4F8A-924A-21B8E2752DF2}.Debug|Any CPU.Build.0 = Debug|Any CPU
		{6FE4EC9D-4E8A-4F8A-924A-21B8E2752DF2}.Release|Any CPU.ActiveCfg = Release|Any CPU
		{6FE4EC9D-4E8A-4F8A-924A-21B8E2752DF2}.Release|Any CPU.Build.0 = Release|Any CPU
		{CB821B88-9E1F-4C74-8580-65B4D4265A75}.Debug|Any CPU.ActiveCfg = Debug|Any CPU
		{CB821B88-9E1F-4C74-8580-65B4D4265A75}.Debug|Any CPU.Build.0 = Debug|Any CPU
		{CB821B88-9E1F-4C74-8580-65B4D4265A75}.Release|Any CPU.ActiveCfg = Release|Any CPU
		{CB821B88-9E1F-4C74-8580-65B4D4265A75}.Release|Any CPU.Build.0 = Release|Any CPU
		{608473D4-CE06-4471-B987-3505A7A00AAD}.Debug|Any CPU.ActiveCfg = Debug|Any CPU
		{608473D4-CE06-4471-B987-3505A7A00AAD}.Debug|Any CPU.Build.0 = Debug|Any CPU
		{608473D4-CE06-4471-B987-3505A7A00AAD}.Release|Any CPU.ActiveCfg = Release|Any CPU
		{608473D4-CE06-4471-B987-3505A7A00AAD}.Release|Any CPU.Build.0 = Release|Any CPU
		{6E7B53A9-C2C8-4102-8C90-93CCEF8D2EAA}.Debug|Any CPU.ActiveCfg = Debug|Any CPU
		{6E7B53A9-C2C8-4102-8C90-93CCEF8D2EAA}.Debug|Any CPU.Build.0 = Debug|Any CPU
		{6E7B53A9-C2C8-4102-8C90-93CCEF8D2EAA}.Release|Any CPU.ActiveCfg = Release|Any CPU
		{6E7B53A9-C2C8-4102-8C90-93CCEF8D2EAA}.Release|Any CPU.Build.0 = Release|Any CPU
		{E768C230-0A59-462D-96D6-AE3DAD8F2622}.Debug|Any CPU.ActiveCfg = Debug|Any CPU
		{E768C230-0A59-462D-96D6-AE3DAD8F2622}.Debug|Any CPU.Build.0 = Debug|Any CPU
		{E768C230-0A59-462D-96D6-AE3DAD8F2622}.Release|Any CPU.ActiveCfg = Release|Any CPU
		{E768C230-0A59-462D-96D6-AE3DAD8F2622}.Release|Any CPU.Build.0 = Release|Any CPU
		{61865B1A-F5E9-4208-90DA-B96DBCAF3B68}.Debug|Any CPU.ActiveCfg = Debug|Any CPU
		{61865B1A-F5E9-4208-90DA-B96DBCAF3B68}.Debug|Any CPU.Build.0 = Debug|Any CPU
		{61865B1A-F5E9-4208-90DA-B96DBCAF3B68}.Release|Any CPU.ActiveCfg = Release|Any CPU
		{61865B1A-F5E9-4208-90DA-B96DBCAF3B68}.Release|Any CPU.Build.0 = Release|Any CPU
		{B5D4AA2E-2146-4BCE-86CB-BDAC3C42CA6A}.Debug|Any CPU.ActiveCfg = Debug|Any CPU
		{B5D4AA2E-2146-4BCE-86CB-BDAC3C42CA6A}.Debug|Any CPU.Build.0 = Debug|Any CPU
		{B5D4AA2E-2146-4BCE-86CB-BDAC3C42CA6A}.Release|Any CPU.ActiveCfg = Release|Any CPU
		{B5D4AA2E-2146-4BCE-86CB-BDAC3C42CA6A}.Release|Any CPU.Build.0 = Release|Any CPU
		{948FDAE5-EC54-42B9-98D1-3E3E0BD284C1}.Debug|Any CPU.ActiveCfg = Debug|Any CPU
		{948FDAE5-EC54-42B9-98D1-3E3E0BD284C1}.Debug|Any CPU.Build.0 = Debug|Any CPU
		{948FDAE5-EC54-42B9-98D1-3E3E0BD284C1}.Release|Any CPU.ActiveCfg = Release|Any CPU
		{948FDAE5-EC54-42B9-98D1-3E3E0BD284C1}.Release|Any CPU.Build.0 = Release|Any CPU
		{B700BC7F-536D-4BEF-AAB3-B13961EE9053}.Debug|Any CPU.ActiveCfg = Debug|Any CPU
		{B700BC7F-536D-4BEF-AAB3-B13961EE9053}.Debug|Any CPU.Build.0 = Debug|Any CPU
		{B700BC7F-536D-4BEF-AAB3-B13961EE9053}.Release|Any CPU.ActiveCfg = Release|Any CPU
		{B700BC7F-536D-4BEF-AAB3-B13961EE9053}.Release|Any CPU.Build.0 = Release|Any CPU
		{43BBB0CE-63C7-4BBF-94B8-D7DD84CD8190}.Debug|Any CPU.ActiveCfg = Debug|Any CPU
		{43BBB0CE-63C7-4BBF-94B8-D7DD84CD8190}.Debug|Any CPU.Build.0 = Debug|Any CPU
		{43BBB0CE-63C7-4BBF-94B8-D7DD84CD8190}.Release|Any CPU.ActiveCfg = Release|Any CPU
		{43BBB0CE-63C7-4BBF-94B8-D7DD84CD8190}.Release|Any CPU.Build.0 = Release|Any CPU
		{F58F2AF1-83F5-4C49-9581-78B21E3860B7}.Debug|Any CPU.ActiveCfg = Debug|Any CPU
		{F58F2AF1-83F5-4C49-9581-78B21E3860B7}.Debug|Any CPU.Build.0 = Debug|Any CPU
		{F58F2AF1-83F5-4C49-9581-78B21E3860B7}.Release|Any CPU.ActiveCfg = Release|Any CPU
		{F58F2AF1-83F5-4C49-9581-78B21E3860B7}.Release|Any CPU.Build.0 = Release|Any CPU
		{8B8FBB86-25E0-47AB-AF7F-2B83A6DFB512}.Debug|Any CPU.ActiveCfg = Debug|Any CPU
		{8B8FBB86-25E0-47AB-AF7F-2B83A6DFB512}.Debug|Any CPU.Build.0 = Debug|Any CPU
		{8B8FBB86-25E0-47AB-AF7F-2B83A6DFB512}.Release|Any CPU.ActiveCfg = Release|Any CPU
		{8B8FBB86-25E0-47AB-AF7F-2B83A6DFB512}.Release|Any CPU.Build.0 = Release|Any CPU
		{A1B4CF9D-9987-4791-8D35-08B645DA4BFE}.Debug|Any CPU.ActiveCfg = Debug|Any CPU
		{A1B4CF9D-9987-4791-8D35-08B645DA4BFE}.Debug|Any CPU.Build.0 = Debug|Any CPU
		{A1B4CF9D-9987-4791-8D35-08B645DA4BFE}.Release|Any CPU.ActiveCfg = Release|Any CPU
		{A1B4CF9D-9987-4791-8D35-08B645DA4BFE}.Release|Any CPU.Build.0 = Release|Any CPU
		{2C890A51-0AD3-4BC8-8835-9D403500B742}.Debug|Any CPU.ActiveCfg = Debug|Any CPU
		{2C890A51-0AD3-4BC8-8835-9D403500B742}.Debug|Any CPU.Build.0 = Debug|Any CPU
		{2C890A51-0AD3-4BC8-8835-9D403500B742}.Release|Any CPU.ActiveCfg = Release|Any CPU
		{2C890A51-0AD3-4BC8-8835-9D403500B742}.Release|Any CPU.Build.0 = Release|Any CPU
		{DD50A3B9-E805-484A-A53A-D84D8ADBD8F7}.Debug|Any CPU.ActiveCfg = Debug|Any CPU
		{DD50A3B9-E805-484A-A53A-D84D8ADBD8F7}.Debug|Any CPU.Build.0 = Debug|Any CPU
		{DD50A3B9-E805-484A-A53A-D84D8ADBD8F7}.Release|Any CPU.ActiveCfg = Release|Any CPU
		{DD50A3B9-E805-484A-A53A-D84D8ADBD8F7}.Release|Any CPU.Build.0 = Release|Any CPU
		{ABDD78F7-5F98-44FC-B8CE-4A30956D4518}.Debug|Any CPU.ActiveCfg = Debug|Any CPU
		{ABDD78F7-5F98-44FC-B8CE-4A30956D4518}.Debug|Any CPU.Build.0 = Debug|Any CPU
		{ABDD78F7-5F98-44FC-B8CE-4A30956D4518}.Release|Any CPU.ActiveCfg = Release|Any CPU
		{ABDD78F7-5F98-44FC-B8CE-4A30956D4518}.Release|Any CPU.Build.0 = Release|Any CPU
		{38C17A12-BEB7-4F4C-984F-3FCFE55D437F}.Debug|Any CPU.ActiveCfg = Debug|Any CPU
		{38C17A12-BEB7-4F4C-984F-3FCFE55D437F}.Debug|Any CPU.Build.0 = Debug|Any CPU
		{38C17A12-BEB7-4F4C-984F-3FCFE55D437F}.Release|Any CPU.ActiveCfg = Release|Any CPU
		{38C17A12-BEB7-4F4C-984F-3FCFE55D437F}.Release|Any CPU.Build.0 = Release|Any CPU
		{871B4252-7584-4A02-9F95-2506A5B8A2E7}.Debug|Any CPU.ActiveCfg = Debug|Any CPU
		{871B4252-7584-4A02-9F95-2506A5B8A2E7}.Debug|Any CPU.Build.0 = Debug|Any CPU
		{871B4252-7584-4A02-9F95-2506A5B8A2E7}.Release|Any CPU.ActiveCfg = Release|Any CPU
		{871B4252-7584-4A02-9F95-2506A5B8A2E7}.Release|Any CPU.Build.0 = Release|Any CPU
		{D1B5DBEC-33AA-435E-A937-77745EB12F6E}.Debug|Any CPU.ActiveCfg = Debug|Any CPU
		{D1B5DBEC-33AA-435E-A937-77745EB12F6E}.Debug|Any CPU.Build.0 = Debug|Any CPU
		{D1B5DBEC-33AA-435E-A937-77745EB12F6E}.Release|Any CPU.ActiveCfg = Release|Any CPU
		{D1B5DBEC-33AA-435E-A937-77745EB12F6E}.Release|Any CPU.Build.0 = Release|Any CPU
		{AEB281FD-1789-494E-96D7-017FDA511856}.Debug|Any CPU.ActiveCfg = Debug|Any CPU
		{AEB281FD-1789-494E-96D7-017FDA511856}.Debug|Any CPU.Build.0 = Debug|Any CPU
		{AEB281FD-1789-494E-96D7-017FDA511856}.Release|Any CPU.ActiveCfg = Release|Any CPU
		{AEB281FD-1789-494E-96D7-017FDA511856}.Release|Any CPU.Build.0 = Release|Any CPU
		{80BFD266-2EF5-430D-81B7-0482658AF8B5}.Debug|Any CPU.ActiveCfg = Debug|Any CPU
		{80BFD266-2EF5-430D-81B7-0482658AF8B5}.Debug|Any CPU.Build.0 = Debug|Any CPU
		{80BFD266-2EF5-430D-81B7-0482658AF8B5}.Release|Any CPU.ActiveCfg = Release|Any CPU
		{80BFD266-2EF5-430D-81B7-0482658AF8B5}.Release|Any CPU.Build.0 = Release|Any CPU
		{FB1F16E3-A730-4E46-96FA-EDA84D6CFD7D}.Debug|Any CPU.ActiveCfg = Debug|Any CPU
		{FB1F16E3-A730-4E46-96FA-EDA84D6CFD7D}.Debug|Any CPU.Build.0 = Debug|Any CPU
		{FB1F16E3-A730-4E46-96FA-EDA84D6CFD7D}.Release|Any CPU.ActiveCfg = Release|Any CPU
		{FB1F16E3-A730-4E46-96FA-EDA84D6CFD7D}.Release|Any CPU.Build.0 = Release|Any CPU
		{7C47AE6F-FE1C-42DB-A22A-DFB26AE0AF5F}.Debug|Any CPU.ActiveCfg = Debug|Any CPU
		{7C47AE6F-FE1C-42DB-A22A-DFB26AE0AF5F}.Debug|Any CPU.Build.0 = Debug|Any CPU
		{7C47AE6F-FE1C-42DB-A22A-DFB26AE0AF5F}.Release|Any CPU.ActiveCfg = Release|Any CPU
		{7C47AE6F-FE1C-42DB-A22A-DFB26AE0AF5F}.Release|Any CPU.Build.0 = Release|Any CPU
		{9205FD64-A044-48DA-804F-FC0CC858A2A9}.Debug|Any CPU.ActiveCfg = Debug|Any CPU
		{9205FD64-A044-48DA-804F-FC0CC858A2A9}.Debug|Any CPU.Build.0 = Debug|Any CPU
		{9205FD64-A044-48DA-804F-FC0CC858A2A9}.Release|Any CPU.ActiveCfg = Release|Any CPU
		{9205FD64-A044-48DA-804F-FC0CC858A2A9}.Release|Any CPU.Build.0 = Release|Any CPU
		{C1CA0CAF-0EE5-479A-A851-ACC91A3E7806}.Debug|Any CPU.ActiveCfg = Debug|Any CPU
		{C1CA0CAF-0EE5-479A-A851-ACC91A3E7806}.Debug|Any CPU.Build.0 = Debug|Any CPU
		{C1CA0CAF-0EE5-479A-A851-ACC91A3E7806}.Release|Any CPU.ActiveCfg = Release|Any CPU
		{C1CA0CAF-0EE5-479A-A851-ACC91A3E7806}.Release|Any CPU.Build.0 = Release|Any CPU
		{024B5AE0-8B25-4334-88AB-1552CF99F712}.Debug|Any CPU.ActiveCfg = Debug|Any CPU
		{024B5AE0-8B25-4334-88AB-1552CF99F712}.Debug|Any CPU.Build.0 = Debug|Any CPU
		{024B5AE0-8B25-4334-88AB-1552CF99F712}.Release|Any CPU.ActiveCfg = Release|Any CPU
		{024B5AE0-8B25-4334-88AB-1552CF99F712}.Release|Any CPU.Build.0 = Release|Any CPU
		{CA8396AA-5ACE-42E3-993E-B3119510B76C}.Debug|Any CPU.ActiveCfg = Debug|Any CPU
		{CA8396AA-5ACE-42E3-993E-B3119510B76C}.Debug|Any CPU.Build.0 = Debug|Any CPU
		{CA8396AA-5ACE-42E3-993E-B3119510B76C}.Release|Any CPU.ActiveCfg = Release|Any CPU
		{CA8396AA-5ACE-42E3-993E-B3119510B76C}.Release|Any CPU.Build.0 = Release|Any CPU
		{6466F92B-8E68-42E6-8174-2B3B503DD82C}.Debug|Any CPU.ActiveCfg = Debug|Any CPU
		{6466F92B-8E68-42E6-8174-2B3B503DD82C}.Debug|Any CPU.Build.0 = Debug|Any CPU
		{6466F92B-8E68-42E6-8174-2B3B503DD82C}.Release|Any CPU.ActiveCfg = Release|Any CPU
		{6466F92B-8E68-42E6-8174-2B3B503DD82C}.Release|Any CPU.Build.0 = Release|Any CPU
		{2E8104EC-D919-442D-AFB4-BBF8A0A77CC4}.Debug|Any CPU.ActiveCfg = Debug|Any CPU
		{2E8104EC-D919-442D-AFB4-BBF8A0A77CC4}.Debug|Any CPU.Build.0 = Debug|Any CPU
		{2E8104EC-D919-442D-AFB4-BBF8A0A77CC4}.Release|Any CPU.ActiveCfg = Release|Any CPU
		{2E8104EC-D919-442D-AFB4-BBF8A0A77CC4}.Release|Any CPU.Build.0 = Release|Any CPU
		{FC531F9B-F867-4E8D-9F34-0741BF208562}.Debug|Any CPU.ActiveCfg = Debug|Any CPU
		{FC531F9B-F867-4E8D-9F34-0741BF208562}.Debug|Any CPU.Build.0 = Debug|Any CPU
		{FC531F9B-F867-4E8D-9F34-0741BF208562}.Release|Any CPU.ActiveCfg = Release|Any CPU
		{FC531F9B-F867-4E8D-9F34-0741BF208562}.Release|Any CPU.Build.0 = Release|Any CPU
		{5258C9BD-70CB-4469-9B5D-6D20894B371B}.Debug|Any CPU.ActiveCfg = Debug|Any CPU
		{5258C9BD-70CB-4469-9B5D-6D20894B371B}.Debug|Any CPU.Build.0 = Debug|Any CPU
		{5258C9BD-70CB-4469-9B5D-6D20894B371B}.Release|Any CPU.ActiveCfg = Release|Any CPU
		{5258C9BD-70CB-4469-9B5D-6D20894B371B}.Release|Any CPU.Build.0 = Release|Any CPU
	EndGlobalSection
	GlobalSection(SolutionProperties) = preSolution
		HideSolutionNode = FALSE
	EndGlobalSection
	GlobalSection(NestedProjects) = preSolution
		{8B8FBB86-25E0-47AB-AF7F-2B83A6DFB512} = {5477F725-28BB-4720-9A6D-8A0558E66375}
		{A1B4CF9D-9987-4791-8D35-08B645DA4BFE} = {5477F725-28BB-4720-9A6D-8A0558E66375}
		{2C890A51-0AD3-4BC8-8835-9D403500B742} = {D2CCDE05-E030-4BB8-A80A-925C4C4EF3D6}
		{DD50A3B9-E805-484A-A53A-D84D8ADBD8F7} = {A584EE40-B6BD-4813-B0B2-F6242CE091B0}
		{ABDD78F7-5F98-44FC-B8CE-4A30956D4518} = {A584EE40-B6BD-4813-B0B2-F6242CE091B0}
		{38C17A12-BEB7-4F4C-984F-3FCFE55D437F} = {5477F725-28BB-4720-9A6D-8A0558E66375}
		{871B4252-7584-4A02-9F95-2506A5B8A2E7} = {056D4D71-FB63-4945-915F-85DF275A4155}
		{D1B5DBEC-33AA-435E-A937-77745EB12F6E} = {D2CCDE05-E030-4BB8-A80A-925C4C4EF3D6}
		{AEB281FD-1789-494E-96D7-017FDA511856} = {5477F725-28BB-4720-9A6D-8A0558E66375}
		{80BFD266-2EF5-430D-81B7-0482658AF8B5} = {5477F725-28BB-4720-9A6D-8A0558E66375}
		{FB1F16E3-A730-4E46-96FA-EDA84D6CFD7D} = {056D4D71-FB63-4945-915F-85DF275A4155}
	EndGlobalSection
	GlobalSection(ExtensibilityGlobals) = postSolution
		SolutionGuid = {3FEC4205-69E3-40FA-AB25-2FF6D69A15C2}
	EndGlobalSection
EndGlobal
